// !$*UTF8*$!
{
	archiveVersion = 1;
	classes = {
	};
	objectVersion = 51;
	objects = {

/* Begin PBXBuildFile section */
		2B26EBB825F7B5E60002754B /* ZMXHomePageViewController.m in Sources */ = {isa = PBXBuildFile; fileRef = 2B26EBB725F7B5E60002754B /* ZMXHomePageViewController.m */; };
		2B26EBC425F7BB730002754B /* Main.storyboard in Resources */ = {isa = PBXBuildFile; fileRef = 2B26EBC225F7BB730002754B /* Main.storyboard */; };
		2B26EBF025FB12550002754B /* ZMXHomePageTableViewCell.m in Sources */ = {isa = PBXBuildFile; fileRef = 2B26EBEF25FB12550002754B /* ZMXHomePageTableViewCell.m */; };
		2B26EC0025FB42C60002754B /* ZMXRepoViewController.m in Sources */ = {isa = PBXBuildFile; fileRef = 2B26EBFF25FB42C60002754B /* ZMXRepoViewController.m */; };
		2B26EC1E25FF6C760002754B /* ZMXRepoModel.m in Sources */ = {isa = PBXBuildFile; fileRef = 2B26EC1D25FF6C760002754B /* ZMXRepoModel.m */; };
		2BABA09225F5C996002DCEB3 /* AppDelegate.m in Sources */ = {isa = PBXBuildFile; fileRef = 2BABA09125F5C996002DCEB3 /* AppDelegate.m */; };
		2BABA09525F5C996002DCEB3 /* SceneDelegate.m in Sources */ = {isa = PBXBuildFile; fileRef = 2BABA09425F5C996002DCEB3 /* SceneDelegate.m */; };
		2BABA09825F5C996002DCEB3 /* ZMXLoginViewController.m in Sources */ = {isa = PBXBuildFile; fileRef = 2BABA09725F5C996002DCEB3 /* ZMXLoginViewController.m */; };
		2BABA09D25F5C99E002DCEB3 /* Assets.xcassets in Resources */ = {isa = PBXBuildFile; fileRef = 2BABA09C25F5C99E002DCEB3 /* Assets.xcassets */; };
		2BABA0A025F5C99E002DCEB3 /* LaunchScreen.storyboard in Resources */ = {isa = PBXBuildFile; fileRef = 2BABA09E25F5C99E002DCEB3 /* LaunchScreen.storyboard */; };
		2BABA0A325F5C99E002DCEB3 /* main.m in Sources */ = {isa = PBXBuildFile; fileRef = 2BABA0A225F5C99E002DCEB3 /* main.m */; };
		2BABA0AD25F5C99E002DCEB3 /* GithubbTests.m in Sources */ = {isa = PBXBuildFile; fileRef = 2BABA0AC25F5C99E002DCEB3 /* GithubbTests.m */; };
		2BABA0B825F5C99E002DCEB3 /* GithubbUITests.m in Sources */ = {isa = PBXBuildFile; fileRef = 2BABA0B725F5C99E002DCEB3 /* GithubbUITests.m */; };
		4CB4CCFA8BB0CB830F0CFAAC /* Pods_Githubb.framework in Frameworks */ = {isa = PBXBuildFile; fileRef = 6F10A4EC299970C3A018802A /* Pods_Githubb.framework */; };
		CA54E6E02A0C7122543FF906 /* Pods_GithubbTests.framework in Frameworks */ = {isa = PBXBuildFile; fileRef = 24DAD5FD4A0FB1EFFFAF4295 /* Pods_GithubbTests.framework */; };
		CE4E80D045F7DC546EF64E0E /* Pods_Githubb_GithubbUITests.framework in Frameworks */ = {isa = PBXBuildFile; fileRef = 269EE4A6C5CC38A4F660CE02 /* Pods_Githubb_GithubbUITests.framework */; };
/* End PBXBuildFile section */

/* Begin PBXContainerItemProxy section */
		2BABA0A925F5C99E002DCEB3 /* PBXContainerItemProxy */ = {
			isa = PBXContainerItemProxy;
			containerPortal = 2BABA08525F5C996002DCEB3 /* Project object */;
			proxyType = 1;
			remoteGlobalIDString = 2BABA08C25F5C996002DCEB3;
			remoteInfo = Githubb;
		};
		2BABA0B425F5C99E002DCEB3 /* PBXContainerItemProxy */ = {
			isa = PBXContainerItemProxy;
			containerPortal = 2BABA08525F5C996002DCEB3 /* Project object */;
			proxyType = 1;
			remoteGlobalIDString = 2BABA08C25F5C996002DCEB3;
			remoteInfo = Githubb;
		};
/* End PBXContainerItemProxy section */

/* Begin PBXFileReference section */
		04A5A10B7E1C0C9E8B2EDD59 /* Pods-Githubb.debug.xcconfig */ = {isa = PBXFileReference; includeInIndex = 1; lastKnownFileType = text.xcconfig; name = "Pods-Githubb.debug.xcconfig"; path = "Target Support Files/Pods-Githubb/Pods-Githubb.debug.xcconfig"; sourceTree = "<group>"; };
		11E08705307E2105C87C0C86 /* Pods-Githubb-GithubbUITests.release.xcconfig */ = {isa = PBXFileReference; includeInIndex = 1; lastKnownFileType = text.xcconfig; name = "Pods-Githubb-GithubbUITests.release.xcconfig"; path = "Target Support Files/Pods-Githubb-GithubbUITests/Pods-Githubb-GithubbUITests.release.xcconfig"; sourceTree = "<group>"; };
		24DAD5FD4A0FB1EFFFAF4295 /* Pods_GithubbTests.framework */ = {isa = PBXFileReference; explicitFileType = wrapper.framework; includeInIndex = 0; path = Pods_GithubbTests.framework; sourceTree = BUILT_PRODUCTS_DIR; };
		269EE4A6C5CC38A4F660CE02 /* Pods_Githubb_GithubbUITests.framework */ = {isa = PBXFileReference; explicitFileType = wrapper.framework; includeInIndex = 0; path = Pods_Githubb_GithubbUITests.framework; sourceTree = BUILT_PRODUCTS_DIR; };
		2B26EBB625F7B5E60002754B /* ZMXHomePageViewController.h */ = {isa = PBXFileReference; lastKnownFileType = sourcecode.c.h; path = ZMXHomePageViewController.h; sourceTree = "<group>"; };
		2B26EBB725F7B5E60002754B /* ZMXHomePageViewController.m */ = {isa = PBXFileReference; lastKnownFileType = sourcecode.c.objc; path = ZMXHomePageViewController.m; sourceTree = "<group>"; };
		2B26EBC325F7BB730002754B /* Base */ = {isa = PBXFileReference; lastKnownFileType = file.storyboard; name = Base; path = Base.lproj/Main.storyboard; sourceTree = "<group>"; };
		2B26EBEE25FB12550002754B /* ZMXHomePageTableViewCell.h */ = {isa = PBXFileReference; lastKnownFileType = sourcecode.c.h; path = ZMXHomePageTableViewCell.h; sourceTree = "<group>"; };
		2B26EBEF25FB12550002754B /* ZMXHomePageTableViewCell.m */ = {isa = PBXFileReference; lastKnownFileType = sourcecode.c.objc; path = ZMXHomePageTableViewCell.m; sourceTree = "<group>"; };
		2B26EBFE25FB42C60002754B /* ZMXRepoViewController.h */ = {isa = PBXFileReference; lastKnownFileType = sourcecode.c.h; path = ZMXRepoViewController.h; sourceTree = "<group>"; };
		2B26EBFF25FB42C60002754B /* ZMXRepoViewController.m */ = {isa = PBXFileReference; lastKnownFileType = sourcecode.c.objc; path = ZMXRepoViewController.m; sourceTree = "<group>"; };
		2B26EC1C25FF6C760002754B /* ZMXRepoModel.h */ = {isa = PBXFileReference; lastKnownFileType = sourcecode.c.h; path = ZMXRepoModel.h; sourceTree = "<group>"; };
		2B26EC1D25FF6C760002754B /* ZMXRepoModel.m */ = {isa = PBXFileReference; lastKnownFileType = sourcecode.c.objc; path = ZMXRepoModel.m; sourceTree = "<group>"; };
		2BABA08D25F5C996002DCEB3 /* Githubb.app */ = {isa = PBXFileReference; explicitFileType = wrapper.application; includeInIndex = 0; path = Githubb.app; sourceTree = BUILT_PRODUCTS_DIR; };
		2BABA09025F5C996002DCEB3 /* AppDelegate.h */ = {isa = PBXFileReference; lastKnownFileType = sourcecode.c.h; path = AppDelegate.h; sourceTree = "<group>"; };
		2BABA09125F5C996002DCEB3 /* AppDelegate.m */ = {isa = PBXFileReference; lastKnownFileType = sourcecode.c.objc; path = AppDelegate.m; sourceTree = "<group>"; };
		2BABA09325F5C996002DCEB3 /* SceneDelegate.h */ = {isa = PBXFileReference; lastKnownFileType = sourcecode.c.h; path = SceneDelegate.h; sourceTree = "<group>"; };
		2BABA09425F5C996002DCEB3 /* SceneDelegate.m */ = {isa = PBXFileReference; lastKnownFileType = sourcecode.c.objc; path = SceneDelegate.m; sourceTree = "<group>"; };
		2BABA09625F5C996002DCEB3 /* ZMXLoginViewController.h */ = {isa = PBXFileReference; lastKnownFileType = sourcecode.c.h; path = ZMXLoginViewController.h; sourceTree = "<group>"; };
		2BABA09725F5C996002DCEB3 /* ZMXLoginViewController.m */ = {isa = PBXFileReference; lastKnownFileType = sourcecode.c.objc; path = ZMXLoginViewController.m; sourceTree = "<group>"; };
		2BABA09C25F5C99E002DCEB3 /* Assets.xcassets */ = {isa = PBXFileReference; lastKnownFileType = folder.assetcatalog; path = Assets.xcassets; sourceTree = "<group>"; };
		2BABA09F25F5C99E002DCEB3 /* Base */ = {isa = PBXFileReference; lastKnownFileType = file.storyboard; name = Base; path = Base.lproj/LaunchScreen.storyboard; sourceTree = "<group>"; };
		2BABA0A125F5C99E002DCEB3 /* Info.plist */ = {isa = PBXFileReference; lastKnownFileType = text.plist.xml; path = Info.plist; sourceTree = "<group>"; };
		2BABA0A225F5C99E002DCEB3 /* main.m */ = {isa = PBXFileReference; lastKnownFileType = sourcecode.c.objc; path = main.m; sourceTree = "<group>"; };
		2BABA0A825F5C99E002DCEB3 /* GithubbTests.xctest */ = {isa = PBXFileReference; explicitFileType = wrapper.cfbundle; includeInIndex = 0; path = GithubbTests.xctest; sourceTree = BUILT_PRODUCTS_DIR; };
		2BABA0AC25F5C99E002DCEB3 /* GithubbTests.m */ = {isa = PBXFileReference; lastKnownFileType = sourcecode.c.objc; path = GithubbTests.m; sourceTree = "<group>"; };
		2BABA0AE25F5C99E002DCEB3 /* Info.plist */ = {isa = PBXFileReference; lastKnownFileType = text.plist.xml; path = Info.plist; sourceTree = "<group>"; };
		2BABA0B325F5C99E002DCEB3 /* GithubbUITests.xctest */ = {isa = PBXFileReference; explicitFileType = wrapper.cfbundle; includeInIndex = 0; path = GithubbUITests.xctest; sourceTree = BUILT_PRODUCTS_DIR; };
		2BABA0B725F5C99E002DCEB3 /* GithubbUITests.m */ = {isa = PBXFileReference; lastKnownFileType = sourcecode.c.objc; path = GithubbUITests.m; sourceTree = "<group>"; };
		2BABA0B925F5C99E002DCEB3 /* Info.plist */ = {isa = PBXFileReference; lastKnownFileType = text.plist.xml; path = Info.plist; sourceTree = "<group>"; };
		32354F942650C9FBBB830198 /* Pods-Githubb.release.xcconfig */ = {isa = PBXFileReference; includeInIndex = 1; lastKnownFileType = text.xcconfig; name = "Pods-Githubb.release.xcconfig"; path = "Target Support Files/Pods-Githubb/Pods-Githubb.release.xcconfig"; sourceTree = "<group>"; };
		6F10A4EC299970C3A018802A /* Pods_Githubb.framework */ = {isa = PBXFileReference; explicitFileType = wrapper.framework; includeInIndex = 0; path = Pods_Githubb.framework; sourceTree = BUILT_PRODUCTS_DIR; };
		84158A82F69BD3BBBEA652D1 /* Pods-GithubbTests.debug.xcconfig */ = {isa = PBXFileReference; includeInIndex = 1; lastKnownFileType = text.xcconfig; name = "Pods-GithubbTests.debug.xcconfig"; path = "Target Support Files/Pods-GithubbTests/Pods-GithubbTests.debug.xcconfig"; sourceTree = "<group>"; };
		E97A229FEB5DBCA8E25AEBD7 /* Pods-Githubb-GithubbUITests.debug.xcconfig */ = {isa = PBXFileReference; includeInIndex = 1; lastKnownFileType = text.xcconfig; name = "Pods-Githubb-GithubbUITests.debug.xcconfig"; path = "Target Support Files/Pods-Githubb-GithubbUITests/Pods-Githubb-GithubbUITests.debug.xcconfig"; sourceTree = "<group>"; };
		F1804354FBC447E2CD4CD91B /* Pods-GithubbTests.release.xcconfig */ = {isa = PBXFileReference; includeInIndex = 1; lastKnownFileType = text.xcconfig; name = "Pods-GithubbTests.release.xcconfig"; path = "Target Support Files/Pods-GithubbTests/Pods-GithubbTests.release.xcconfig"; sourceTree = "<group>"; };
/* End PBXFileReference section */

/* Begin PBXFrameworksBuildPhase section */
		2BABA08A25F5C996002DCEB3 /* Frameworks */ = {
			isa = PBXFrameworksBuildPhase;
			buildActionMask = 2147483647;
			files = (
				4CB4CCFA8BB0CB830F0CFAAC /* Pods_Githubb.framework in Frameworks */,
			);
			runOnlyForDeploymentPostprocessing = 0;
		};
		2BABA0A525F5C99E002DCEB3 /* Frameworks */ = {
			isa = PBXFrameworksBuildPhase;
			buildActionMask = 2147483647;
			files = (
				CA54E6E02A0C7122543FF906 /* Pods_GithubbTests.framework in Frameworks */,
			);
			runOnlyForDeploymentPostprocessing = 0;
		};
		2BABA0B025F5C99E002DCEB3 /* Frameworks */ = {
			isa = PBXFrameworksBuildPhase;
			buildActionMask = 2147483647;
			files = (
				CE4E80D045F7DC546EF64E0E /* Pods_Githubb_GithubbUITests.framework in Frameworks */,
			);
			runOnlyForDeploymentPostprocessing = 0;
		};
/* End PBXFrameworksBuildPhase section */

/* Begin PBXGroup section */
		2B26EC42260204E70002754B /* ZMXHomePage */ = {
			isa = PBXGroup;
			children = (
				2B26EBB725F7B5E60002754B /* ZMXHomePageViewController.m */,
				2B26EBB625F7B5E60002754B /* ZMXHomePageViewController.h */,
				2B26EBEE25FB12550002754B /* ZMXHomePageTableViewCell.h */,
				2B26EBEF25FB12550002754B /* ZMXHomePageTableViewCell.m */,
			);
			path = ZMXHomePage;
			sourceTree = "<group>";
		};
		2B26EC44260205220002754B /* ZMXRepoPage */ = {
			isa = PBXGroup;
			children = (
				2B26EBFE25FB42C60002754B /* ZMXRepoViewController.h */,
				2B26EBFF25FB42C60002754B /* ZMXRepoViewController.m */,
				2B26EC1C25FF6C760002754B /* ZMXRepoModel.h */,
				2B26EC1D25FF6C760002754B /* ZMXRepoModel.m */,
			);
			path = ZMXRepoPage;
			sourceTree = "<group>";
		};
		2B26EC472602055C0002754B /* ZMXLoginPage */ = {
			isa = PBXGroup;
			children = (
				2BABA09625F5C996002DCEB3 /* ZMXLoginViewController.h */,
				2BABA09725F5C996002DCEB3 /* ZMXLoginViewController.m */,
			);
			path = ZMXLoginPage;
			sourceTree = "<group>";
		};
		2BABA08425F5C996002DCEB3 = {
			isa = PBXGroup;
			children = (
				2BABA08F25F5C996002DCEB3 /* Githubb */,
				2BABA0AB25F5C99E002DCEB3 /* GithubbTests */,
				2BABA0B625F5C99E002DCEB3 /* GithubbUITests */,
				2BABA08E25F5C996002DCEB3 /* Products */,
				C365144F8AF300E6FE885E20 /* Pods */,
				A28A583171D912A17F0A8BCC /* Frameworks */,
			);
			sourceTree = "<group>";
		};
		2BABA08E25F5C996002DCEB3 /* Products */ = {
			isa = PBXGroup;
			children = (
				2BABA08D25F5C996002DCEB3 /* Githubb.app */,
				2BABA0A825F5C99E002DCEB3 /* GithubbTests.xctest */,
				2BABA0B325F5C99E002DCEB3 /* GithubbUITests.xctest */,
			);
			name = Products;
			sourceTree = "<group>";
		};
		2BABA08F25F5C996002DCEB3 /* Githubb */ = {
			isa = PBXGroup;
			children = (
				2B26EC472602055C0002754B /* ZMXLoginPage */,
				2B26EC44260205220002754B /* ZMXRepoPage */,
				2B26EC42260204E70002754B /* ZMXHomePage */,
				2BABA09025F5C996002DCEB3 /* AppDelegate.h */,
				2BABA09125F5C996002DCEB3 /* AppDelegate.m */,
				2BABA09325F5C996002DCEB3 /* SceneDelegate.h */,
				2BABA09425F5C996002DCEB3 /* SceneDelegate.m */,
				2BABA09C25F5C99E002DCEB3 /* Assets.xcassets */,
				2BABA09E25F5C99E002DCEB3 /* LaunchScreen.storyboard */,
				2B26EBC225F7BB730002754B /* Main.storyboard */,
				2BABA0A125F5C99E002DCEB3 /* Info.plist */,
				2BABA0A225F5C99E002DCEB3 /* main.m */,
			);
			path = Githubb;
			sourceTree = "<group>";
		};
		2BABA0AB25F5C99E002DCEB3 /* GithubbTests */ = {
			isa = PBXGroup;
			children = (
				2BABA0AC25F5C99E002DCEB3 /* GithubbTests.m */,
				2BABA0AE25F5C99E002DCEB3 /* Info.plist */,
			);
			path = GithubbTests;
			sourceTree = "<group>";
		};
		2BABA0B625F5C99E002DCEB3 /* GithubbUITests */ = {
			isa = PBXGroup;
			children = (
				2BABA0B725F5C99E002DCEB3 /* GithubbUITests.m */,
				2BABA0B925F5C99E002DCEB3 /* Info.plist */,
			);
			path = GithubbUITests;
			sourceTree = "<group>";
		};
		A28A583171D912A17F0A8BCC /* Frameworks */ = {
			isa = PBXGroup;
			children = (
				6F10A4EC299970C3A018802A /* Pods_Githubb.framework */,
				269EE4A6C5CC38A4F660CE02 /* Pods_Githubb_GithubbUITests.framework */,
				24DAD5FD4A0FB1EFFFAF4295 /* Pods_GithubbTests.framework */,
			);
			name = Frameworks;
			sourceTree = "<group>";
		};
		C365144F8AF300E6FE885E20 /* Pods */ = {
			isa = PBXGroup;
			children = (
				04A5A10B7E1C0C9E8B2EDD59 /* Pods-Githubb.debug.xcconfig */,
				32354F942650C9FBBB830198 /* Pods-Githubb.release.xcconfig */,
				E97A229FEB5DBCA8E25AEBD7 /* Pods-Githubb-GithubbUITests.debug.xcconfig */,
				11E08705307E2105C87C0C86 /* Pods-Githubb-GithubbUITests.release.xcconfig */,
				84158A82F69BD3BBBEA652D1 /* Pods-GithubbTests.debug.xcconfig */,
				F1804354FBC447E2CD4CD91B /* Pods-GithubbTests.release.xcconfig */,
			);
			path = Pods;
			sourceTree = "<group>";
		};
/* End PBXGroup section */

/* Begin PBXNativeTarget section */
		2BABA08C25F5C996002DCEB3 /* Githubb */ = {
			isa = PBXNativeTarget;
			buildConfigurationList = 2BABA0BC25F5C99E002DCEB3 /* Build configuration list for PBXNativeTarget "Githubb" */;
			buildPhases = (
				6C97E88035F4917B5524AF22 /* [CP] Check Pods Manifest.lock */,
				2BABA08925F5C996002DCEB3 /* Sources */,
				2BABA08A25F5C996002DCEB3 /* Frameworks */,
				2BABA08B25F5C996002DCEB3 /* Resources */,
				E1705CADA1E73BA65D1D2028 /* [CP] Embed Pods Frameworks */,
			);
			buildRules = (
			);
			dependencies = (
			);
			name = Githubb;
			productName = Githubb;
			productReference = 2BABA08D25F5C996002DCEB3 /* Githubb.app */;
			productType = "com.apple.product-type.application";
		};
		2BABA0A725F5C99E002DCEB3 /* GithubbTests */ = {
			isa = PBXNativeTarget;
			buildConfigurationList = 2BABA0BF25F5C99E002DCEB3 /* Build configuration list for PBXNativeTarget "GithubbTests" */;
			buildPhases = (
				64E47A1B0F8009A6A474F26C /* [CP] Check Pods Manifest.lock */,
				2BABA0A425F5C99E002DCEB3 /* Sources */,
				2BABA0A525F5C99E002DCEB3 /* Frameworks */,
				2BABA0A625F5C99E002DCEB3 /* Resources */,
			);
			buildRules = (
			);
			dependencies = (
				2BABA0AA25F5C99E002DCEB3 /* PBXTargetDependency */,
			);
			name = GithubbTests;
			productName = GithubbTests;
			productReference = 2BABA0A825F5C99E002DCEB3 /* GithubbTests.xctest */;
			productType = "com.apple.product-type.bundle.unit-test";
		};
		2BABA0B225F5C99E002DCEB3 /* GithubbUITests */ = {
			isa = PBXNativeTarget;
			buildConfigurationList = 2BABA0C225F5C99E002DCEB3 /* Build configuration list for PBXNativeTarget "GithubbUITests" */;
			buildPhases = (
				5A52DDA4E64682C23E705E71 /* [CP] Check Pods Manifest.lock */,
				2BABA0AF25F5C99E002DCEB3 /* Sources */,
				2BABA0B025F5C99E002DCEB3 /* Frameworks */,
				2BABA0B125F5C99E002DCEB3 /* Resources */,
				5239992C48D7CD8547A9395D /* [CP] Embed Pods Frameworks */,
			);
			buildRules = (
			);
			dependencies = (
				2BABA0B525F5C99E002DCEB3 /* PBXTargetDependency */,
			);
			name = GithubbUITests;
			productName = GithubbUITests;
			productReference = 2BABA0B325F5C99E002DCEB3 /* GithubbUITests.xctest */;
			productType = "com.apple.product-type.bundle.ui-testing";
		};
/* End PBXNativeTarget section */

/* Begin PBXProject section */
		2BABA08525F5C996002DCEB3 /* Project object */ = {
			isa = PBXProject;
			attributes = {
				LastUpgradeCheck = 1240;
				TargetAttributes = {
					2BABA08C25F5C996002DCEB3 = {
						CreatedOnToolsVersion = 12.4;
					};
					2BABA0A725F5C99E002DCEB3 = {
						CreatedOnToolsVersion = 12.4;
						TestTargetID = 2BABA08C25F5C996002DCEB3;
					};
					2BABA0B225F5C99E002DCEB3 = {
						CreatedOnToolsVersion = 12.4;
						TestTargetID = 2BABA08C25F5C996002DCEB3;
					};
				};
			};
			buildConfigurationList = 2BABA08825F5C996002DCEB3 /* Build configuration list for PBXProject "Githubb" */;
			compatibilityVersion = "Xcode 9.3";
			developmentRegion = en;
			hasScannedForEncodings = 0;
			knownRegions = (
				en,
				Base,
			);
			mainGroup = 2BABA08425F5C996002DCEB3;
			productRefGroup = 2BABA08E25F5C996002DCEB3 /* Products */;
			projectDirPath = "";
			projectRoot = "";
			targets = (
				2BABA08C25F5C996002DCEB3 /* Githubb */,
				2BABA0A725F5C99E002DCEB3 /* GithubbTests */,
				2BABA0B225F5C99E002DCEB3 /* GithubbUITests */,
			);
		};
/* End PBXProject section */

/* Begin PBXResourcesBuildPhase section */
		2BABA08B25F5C996002DCEB3 /* Resources */ = {
			isa = PBXResourcesBuildPhase;
			buildActionMask = 2147483647;
			files = (
				2BABA0A025F5C99E002DCEB3 /* LaunchScreen.storyboard in Resources */,
				2BABA09D25F5C99E002DCEB3 /* Assets.xcassets in Resources */,
				2B26EBC425F7BB730002754B /* Main.storyboard in Resources */,
			);
			runOnlyForDeploymentPostprocessing = 0;
		};
		2BABA0A625F5C99E002DCEB3 /* Resources */ = {
			isa = PBXResourcesBuildPhase;
			buildActionMask = 2147483647;
			files = (
			);
			runOnlyForDeploymentPostprocessing = 0;
		};
		2BABA0B125F5C99E002DCEB3 /* Resources */ = {
			isa = PBXResourcesBuildPhase;
			buildActionMask = 2147483647;
			files = (
			);
			runOnlyForDeploymentPostprocessing = 0;
		};
/* End PBXResourcesBuildPhase section */

/* Begin PBXShellScriptBuildPhase section */
		5239992C48D7CD8547A9395D /* [CP] Embed Pods Frameworks */ = {
			isa = PBXShellScriptBuildPhase;
			buildActionMask = 2147483647;
			files = (
			);
			inputFileListPaths = (
				"${PODS_ROOT}/Target Support Files/Pods-Githubb-GithubbUITests/Pods-Githubb-GithubbUITests-frameworks-${CONFIGURATION}-input-files.xcfilelist",
			);
			name = "[CP] Embed Pods Frameworks";
			outputFileListPaths = (
				"${PODS_ROOT}/Target Support Files/Pods-Githubb-GithubbUITests/Pods-Githubb-GithubbUITests-frameworks-${CONFIGURATION}-output-files.xcfilelist",
			);
			runOnlyForDeploymentPostprocessing = 0;
			shellPath = /bin/sh;
			shellScript = "\"${PODS_ROOT}/Target Support Files/Pods-Githubb-GithubbUITests/Pods-Githubb-GithubbUITests-frameworks.sh\"\n";
			showEnvVarsInLog = 0;
		};
		5A52DDA4E64682C23E705E71 /* [CP] Check Pods Manifest.lock */ = {
			isa = PBXShellScriptBuildPhase;
			buildActionMask = 2147483647;
			files = (
			);
			inputFileListPaths = (
			);
			inputPaths = (
				"${PODS_PODFILE_DIR_PATH}/Podfile.lock",
				"${PODS_ROOT}/Manifest.lock",
			);
			name = "[CP] Check Pods Manifest.lock";
			outputFileListPaths = (
			);
			outputPaths = (
				"$(DERIVED_FILE_DIR)/Pods-Githubb-GithubbUITests-checkManifestLockResult.txt",
			);
			runOnlyForDeploymentPostprocessing = 0;
			shellPath = /bin/sh;
			shellScript = "diff \"${PODS_PODFILE_DIR_PATH}/Podfile.lock\" \"${PODS_ROOT}/Manifest.lock\" > /dev/null\nif [ $? != 0 ] ; then\n    # print error to STDERR\n    echo \"error: The sandbox is not in sync with the Podfile.lock. Run 'pod install' or update your CocoaPods installation.\" >&2\n    exit 1\nfi\n# This output is used by Xcode 'outputs' to avoid re-running this script phase.\necho \"SUCCESS\" > \"${SCRIPT_OUTPUT_FILE_0}\"\n";
			showEnvVarsInLog = 0;
		};
		64E47A1B0F8009A6A474F26C /* [CP] Check Pods Manifest.lock */ = {
			isa = PBXShellScriptBuildPhase;
			buildActionMask = 2147483647;
			files = (
			);
			inputFileListPaths = (
			);
			inputPaths = (
				"${PODS_PODFILE_DIR_PATH}/Podfile.lock",
				"${PODS_ROOT}/Manifest.lock",
			);
			name = "[CP] Check Pods Manifest.lock";
			outputFileListPaths = (
			);
			outputPaths = (
				"$(DERIVED_FILE_DIR)/Pods-GithubbTests-checkManifestLockResult.txt",
			);
			runOnlyForDeploymentPostprocessing = 0;
			shellPath = /bin/sh;
			shellScript = "diff \"${PODS_PODFILE_DIR_PATH}/Podfile.lock\" \"${PODS_ROOT}/Manifest.lock\" > /dev/null\nif [ $? != 0 ] ; then\n    # print error to STDERR\n    echo \"error: The sandbox is not in sync with the Podfile.lock. Run 'pod install' or update your CocoaPods installation.\" >&2\n    exit 1\nfi\n# This output is used by Xcode 'outputs' to avoid re-running this script phase.\necho \"SUCCESS\" > \"${SCRIPT_OUTPUT_FILE_0}\"\n";
			showEnvVarsInLog = 0;
		};
		6C97E88035F4917B5524AF22 /* [CP] Check Pods Manifest.lock */ = {
			isa = PBXShellScriptBuildPhase;
			buildActionMask = 2147483647;
			files = (
			);
			inputFileListPaths = (
			);
			inputPaths = (
				"${PODS_PODFILE_DIR_PATH}/Podfile.lock",
				"${PODS_ROOT}/Manifest.lock",
			);
			name = "[CP] Check Pods Manifest.lock";
			outputFileListPaths = (
			);
			outputPaths = (
				"$(DERIVED_FILE_DIR)/Pods-Githubb-checkManifestLockResult.txt",
			);
			runOnlyForDeploymentPostprocessing = 0;
			shellPath = /bin/sh;
			shellScript = "diff \"${PODS_PODFILE_DIR_PATH}/Podfile.lock\" \"${PODS_ROOT}/Manifest.lock\" > /dev/null\nif [ $? != 0 ] ; then\n    # print error to STDERR\n    echo \"error: The sandbox is not in sync with the Podfile.lock. Run 'pod install' or update your CocoaPods installation.\" >&2\n    exit 1\nfi\n# This output is used by Xcode 'outputs' to avoid re-running this script phase.\necho \"SUCCESS\" > \"${SCRIPT_OUTPUT_FILE_0}\"\n";
			showEnvVarsInLog = 0;
		};
		E1705CADA1E73BA65D1D2028 /* [CP] Embed Pods Frameworks */ = {
			isa = PBXShellScriptBuildPhase;
			buildActionMask = 2147483647;
			files = (
			);
			inputFileListPaths = (
				"${PODS_ROOT}/Target Support Files/Pods-Githubb/Pods-Githubb-frameworks-${CONFIGURATION}-input-files.xcfilelist",
			);
			name = "[CP] Embed Pods Frameworks";
			outputFileListPaths = (
				"${PODS_ROOT}/Target Support Files/Pods-Githubb/Pods-Githubb-frameworks-${CONFIGURATION}-output-files.xcfilelist",
			);
			runOnlyForDeploymentPostprocessing = 0;
			shellPath = /bin/sh;
			shellScript = "\"${PODS_ROOT}/Target Support Files/Pods-Githubb/Pods-Githubb-frameworks.sh\"\n";
			showEnvVarsInLog = 0;
		};
/* End PBXShellScriptBuildPhase section */

/* Begin PBXSourcesBuildPhase section */
		2BABA08925F5C996002DCEB3 /* Sources */ = {
			isa = PBXSourcesBuildPhase;
			buildActionMask = 2147483647;
			files = (
				2BABA09825F5C996002DCEB3 /* ZMXLoginViewController.m in Sources */,
				2BABA09225F5C996002DCEB3 /* AppDelegate.m in Sources */,
				2BABA0A325F5C99E002DCEB3 /* main.m in Sources */,
				2B26EBB825F7B5E60002754B /* ZMXHomePageViewController.m in Sources */,
				2B26EC0025FB42C60002754B /* ZMXRepoViewController.m in Sources */,
				2BABA09525F5C996002DCEB3 /* SceneDelegate.m in Sources */,
				2B26EBF025FB12550002754B /* ZMXHomePageTableViewCell.m in Sources */,
				2B26EC1E25FF6C760002754B /* ZMXRepoModel.m in Sources */,
			);
			runOnlyForDeploymentPostprocessing = 0;
		};
		2BABA0A425F5C99E002DCEB3 /* Sources */ = {
			isa = PBXSourcesBuildPhase;
			buildActionMask = 2147483647;
			files = (
				2BABA0AD25F5C99E002DCEB3 /* GithubbTests.m in Sources */,
			);
			runOnlyForDeploymentPostprocessing = 0;
		};
		2BABA0AF25F5C99E002DCEB3 /* Sources */ = {
			isa = PBXSourcesBuildPhase;
			buildActionMask = 2147483647;
			files = (
				2BABA0B825F5C99E002DCEB3 /* GithubbUITests.m in Sources */,
			);
			runOnlyForDeploymentPostprocessing = 0;
		};
/* End PBXSourcesBuildPhase section */

/* Begin PBXTargetDependency section */
		2BABA0AA25F5C99E002DCEB3 /* PBXTargetDependency */ = {
			isa = PBXTargetDependency;
			target = 2BABA08C25F5C996002DCEB3 /* Githubb */;
			targetProxy = 2BABA0A925F5C99E002DCEB3 /* PBXContainerItemProxy */;
		};
		2BABA0B525F5C99E002DCEB3 /* PBXTargetDependency */ = {
			isa = PBXTargetDependency;
			target = 2BABA08C25F5C996002DCEB3 /* Githubb */;
			targetProxy = 2BABA0B425F5C99E002DCEB3 /* PBXContainerItemProxy */;
		};
/* End PBXTargetDependency section */

/* Begin PBXVariantGroup section */
		2B26EBC225F7BB730002754B /* Main.storyboard */ = {
			isa = PBXVariantGroup;
			children = (
				2B26EBC325F7BB730002754B /* Base */,
			);
			name = Main.storyboard;
			sourceTree = "<group>";
		};
		2BABA09E25F5C99E002DCEB3 /* LaunchScreen.storyboard */ = {
			isa = PBXVariantGroup;
			children = (
				2BABA09F25F5C99E002DCEB3 /* Base */,
			);
			name = LaunchScreen.storyboard;
			sourceTree = "<group>";
		};
/* End PBXVariantGroup section */

/* Begin XCBuildConfiguration section */
		2BABA0BA25F5C99E002DCEB3 /* Debug */ = {
			isa = XCBuildConfiguration;
			buildSettings = {
				ALWAYS_SEARCH_USER_PATHS = NO;
				CLANG_ANALYZER_NONNULL = YES;
				CLANG_ANALYZER_NUMBER_OBJECT_CONVERSION = YES_AGGRESSIVE;
				CLANG_CXX_LANGUAGE_STANDARD = "gnu++14";
				CLANG_CXX_LIBRARY = "libc++";
				CLANG_ENABLE_MODULES = YES;
				CLANG_ENABLE_OBJC_ARC = YES;
				CLANG_ENABLE_OBJC_WEAK = YES;
				CLANG_WARN_BLOCK_CAPTURE_AUTORELEASING = YES;
				CLANG_WARN_BOOL_CONVERSION = YES;
				CLANG_WARN_COMMA = YES;
				CLANG_WARN_CONSTANT_CONVERSION = YES;
				CLANG_WARN_DEPRECATED_OBJC_IMPLEMENTATIONS = YES;
				CLANG_WARN_DIRECT_OBJC_ISA_USAGE = YES_ERROR;
				CLANG_WARN_DOCUMENTATION_COMMENTS = YES;
				CLANG_WARN_EMPTY_BODY = YES;
				CLANG_WARN_ENUM_CONVERSION = YES;
				CLANG_WARN_INFINITE_RECURSION = YES;
				CLANG_WARN_INT_CONVERSION = YES;
				CLANG_WARN_NON_LITERAL_NULL_CONVERSION = YES;
				CLANG_WARN_OBJC_IMPLICIT_RETAIN_SELF = YES;
				CLANG_WARN_OBJC_LITERAL_CONVERSION = YES;
				CLANG_WARN_OBJC_ROOT_CLASS = YES_ERROR;
				CLANG_WARN_QUOTED_INCLUDE_IN_FRAMEWORK_HEADER = YES;
				CLANG_WARN_RANGE_LOOP_ANALYSIS = YES;
				CLANG_WARN_STRICT_PROTOTYPES = YES;
				CLANG_WARN_SUSPICIOUS_MOVE = YES;
				CLANG_WARN_UNGUARDED_AVAILABILITY = YES_AGGRESSIVE;
				CLANG_WARN_UNREACHABLE_CODE = YES;
				CLANG_WARN__DUPLICATE_METHOD_MATCH = YES;
				COPY_PHASE_STRIP = NO;
				DEBUG_INFORMATION_FORMAT = dwarf;
				ENABLE_STRICT_OBJC_MSGSEND = YES;
				ENABLE_TESTABILITY = YES;
				GCC_C_LANGUAGE_STANDARD = gnu11;
				GCC_DYNAMIC_NO_PIC = NO;
				GCC_NO_COMMON_BLOCKS = YES;
				GCC_OPTIMIZATION_LEVEL = 0;
				GCC_PREPROCESSOR_DEFINITIONS = (
					"DEBUG=1",
					"$(inherited)",
				);
				GCC_WARN_64_TO_32_BIT_CONVERSION = YES;
				GCC_WARN_ABOUT_RETURN_TYPE = YES_ERROR;
				GCC_WARN_UNDECLARED_SELECTOR = YES;
				GCC_WARN_UNINITIALIZED_AUTOS = YES_AGGRESSIVE;
				GCC_WARN_UNUSED_FUNCTION = YES;
				GCC_WARN_UNUSED_VARIABLE = YES;
				IPHONEOS_DEPLOYMENT_TARGET = 14.4;
				MTL_ENABLE_DEBUG_INFO = INCLUDE_SOURCE;
				MTL_FAST_MATH = YES;
				ONLY_ACTIVE_ARCH = YES;
				SDKROOT = iphoneos;
			};
			name = Debug;
		};
		2BABA0BB25F5C99E002DCEB3 /* Release */ = {
			isa = XCBuildConfiguration;
			buildSettings = {
				ALWAYS_SEARCH_USER_PATHS = NO;
				CLANG_ANALYZER_NONNULL = YES;
				CLANG_ANALYZER_NUMBER_OBJECT_CONVERSION = YES_AGGRESSIVE;
				CLANG_CXX_LANGUAGE_STANDARD = "gnu++14";
				CLANG_CXX_LIBRARY = "libc++";
				CLANG_ENABLE_MODULES = YES;
				CLANG_ENABLE_OBJC_ARC = YES;
				CLANG_ENABLE_OBJC_WEAK = YES;
				CLANG_WARN_BLOCK_CAPTURE_AUTORELEASING = YES;
				CLANG_WARN_BOOL_CONVERSION = YES;
				CLANG_WARN_COMMA = YES;
				CLANG_WARN_CONSTANT_CONVERSION = YES;
				CLANG_WARN_DEPRECATED_OBJC_IMPLEMENTATIONS = YES;
				CLANG_WARN_DIRECT_OBJC_ISA_USAGE = YES_ERROR;
				CLANG_WARN_DOCUMENTATION_COMMENTS = YES;
				CLANG_WARN_EMPTY_BODY = YES;
				CLANG_WARN_ENUM_CONVERSION = YES;
				CLANG_WARN_INFINITE_RECURSION = YES;
				CLANG_WARN_INT_CONVERSION = YES;
				CLANG_WARN_NON_LITERAL_NULL_CONVERSION = YES;
				CLANG_WARN_OBJC_IMPLICIT_RETAIN_SELF = YES;
				CLANG_WARN_OBJC_LITERAL_CONVERSION = YES;
				CLANG_WARN_OBJC_ROOT_CLASS = YES_ERROR;
				CLANG_WARN_QUOTED_INCLUDE_IN_FRAMEWORK_HEADER = YES;
				CLANG_WARN_RANGE_LOOP_ANALYSIS = YES;
				CLANG_WARN_STRICT_PROTOTYPES = YES;
				CLANG_WARN_SUSPICIOUS_MOVE = YES;
				CLANG_WARN_UNGUARDED_AVAILABILITY = YES_AGGRESSIVE;
				CLANG_WARN_UNREACHABLE_CODE = YES;
				CLANG_WARN__DUPLICATE_METHOD_MATCH = YES;
				COPY_PHASE_STRIP = NO;
				DEBUG_INFORMATION_FORMAT = "dwarf-with-dsym";
				ENABLE_NS_ASSERTIONS = NO;
				ENABLE_STRICT_OBJC_MSGSEND = YES;
				GCC_C_LANGUAGE_STANDARD = gnu11;
				GCC_NO_COMMON_BLOCKS = YES;
				GCC_WARN_64_TO_32_BIT_CONVERSION = YES;
				GCC_WARN_ABOUT_RETURN_TYPE = YES_ERROR;
				GCC_WARN_UNDECLARED_SELECTOR = YES;
				GCC_WARN_UNINITIALIZED_AUTOS = YES_AGGRESSIVE;
				GCC_WARN_UNUSED_FUNCTION = YES;
				GCC_WARN_UNUSED_VARIABLE = YES;
				IPHONEOS_DEPLOYMENT_TARGET = 14.4;
				MTL_ENABLE_DEBUG_INFO = NO;
				MTL_FAST_MATH = YES;
				SDKROOT = iphoneos;
				VALIDATE_PRODUCT = YES;
			};
			name = Release;
		};
		2BABA0BD25F5C99E002DCEB3 /* Debug */ = {
			isa = XCBuildConfiguration;
			baseConfigurationReference = 04A5A10B7E1C0C9E8B2EDD59 /* Pods-Githubb.debug.xcconfig */;
			buildSettings = {
				ASSETCATALOG_COMPILER_APPICON_NAME = AppIcon;
				ASSETCATALOG_COMPILER_GLOBAL_ACCENT_COLOR_NAME = AccentColor;
				CODE_SIGN_STYLE = Automatic;
				INFOPLIST_FILE = Githubb/Info.plist;
				LD_RUNPATH_SEARCH_PATHS = (
					"$(inherited)",
					"@executable_path/Frameworks",
				);
				PRODUCT_BUNDLE_IDENTIFIER = com.learn.Githubb;
				PRODUCT_NAME = "$(TARGET_NAME)";
				TARGETED_DEVICE_FAMILY = "1,2";
			};
			name = Debug;
		};
		2BABA0BE25F5C99E002DCEB3 /* Release */ = {
			isa = XCBuildConfiguration;
			baseConfigurationReference = 32354F942650C9FBBB830198 /* Pods-Githubb.release.xcconfig */;
			buildSettings = {
				ASSETCATALOG_COMPILER_APPICON_NAME = AppIcon;
				ASSETCATALOG_COMPILER_GLOBAL_ACCENT_COLOR_NAME = AccentColor;
				CODE_SIGN_STYLE = Automatic;
				INFOPLIST_FILE = Githubb/Info.plist;
				LD_RUNPATH_SEARCH_PATHS = (
					"$(inherited)",
					"@executable_path/Frameworks",
				);
				PRODUCT_BUNDLE_IDENTIFIER = com.learn.Githubb;
				PRODUCT_NAME = "$(TARGET_NAME)";
				TARGETED_DEVICE_FAMILY = "1,2";
			};
			name = Release;
		};
		2BABA0C025F5C99E002DCEB3 /* Debug */ = {
			isa = XCBuildConfiguration;
			baseConfigurationReference = 84158A82F69BD3BBBEA652D1 /* Pods-GithubbTests.debug.xcconfig */;
			buildSettings = {
				BUNDLE_LOADER = "$(TEST_HOST)";
				CODE_SIGN_STYLE = Automatic;
				INFOPLIST_FILE = GithubbTests/Info.plist;
				IPHONEOS_DEPLOYMENT_TARGET = 14.4;
				LD_RUNPATH_SEARCH_PATHS = (
					"$(inherited)",
					"@executable_path/Frameworks",
					"@loader_path/Frameworks",
				);
				PRODUCT_BUNDLE_IDENTIFIER = com.learn.GithubbTests;
				PRODUCT_NAME = "$(TARGET_NAME)";
				TARGETED_DEVICE_FAMILY = "1,2";
				TEST_HOST = "$(BUILT_PRODUCTS_DIR)/Githubb.app/Githubb";
			};
			name = Debug;
		};
		2BABA0C125F5C99E002DCEB3 /* Release */ = {
			isa = XCBuildConfiguration;
			baseConfigurationReference = F1804354FBC447E2CD4CD91B /* Pods-GithubbTests.release.xcconfig */;
			buildSettings = {
				BUNDLE_LOADER = "$(TEST_HOST)";
				CODE_SIGN_STYLE = Automatic;
				INFOPLIST_FILE = GithubbTests/Info.plist;
				IPHONEOS_DEPLOYMENT_TARGET = 14.4;
				LD_RUNPATH_SEARCH_PATHS = (
					"$(inherited)",
					"@executable_path/Frameworks",
					"@loader_path/Frameworks",
				);
				PRODUCT_BUNDLE_IDENTIFIER = com.learn.GithubbTests;
				PRODUCT_NAME = "$(TARGET_NAME)";
				TARGETED_DEVICE_FAMILY = "1,2";
				TEST_HOST = "$(BUILT_PRODUCTS_DIR)/Githubb.app/Githubb";
			};
			name = Release;
		};
		2BABA0C325F5C99E002DCEB3 /* Debug */ = {
			isa = XCBuildConfiguration;
			baseConfigurationReference = E97A229FEB5DBCA8E25AEBD7 /* Pods-Githubb-GithubbUITests.debug.xcconfig */;
			buildSettings = {
				CODE_SIGN_STYLE = Automatic;
				INFOPLIST_FILE = GithubbUITests/Info.plist;
				LD_RUNPATH_SEARCH_PATHS = (
					"$(inherited)",
					"@executable_path/Frameworks",
					"@loader_path/Frameworks",
				);
				PRODUCT_BUNDLE_IDENTIFIER = com.learn.GithubbUITests;
				PRODUCT_NAME = "$(TARGET_NAME)";
				TARGETED_DEVICE_FAMILY = "1,2";
				TEST_TARGET_NAME = Githubb;
			};
			name = Debug;
		};
		2BABA0C425F5C99E002DCEB3 /* Release */ = {
			isa = XCBuildConfiguration;
			baseConfigurationReference = 11E08705307E2105C87C0C86 /* Pods-Githubb-GithubbUITests.release.xcconfig */;
			buildSettings = {
				CODE_SIGN_STYLE = Automatic;
				INFOPLIST_FILE = GithubbUITests/Info.plist;
				LD_RUNPATH_SEARCH_PATHS = (
					"$(inherited)",
					"@executable_path/Frameworks",
					"@loader_path/Frameworks",
				);
				PRODUCT_BUNDLE_IDENTIFIER = com.learn.GithubbUITests;
				PRODUCT_NAME = "$(TARGET_NAME)";
				TARGETED_DEVICE_FAMILY = "1,2";
				TEST_TARGET_NAME = Githubb;
			};
			name = Release;
		};
/* End XCBuildConfiguration section */

/* Begin XCConfigurationList section */
		2BABA08825F5C996002DCEB3 /* Build configuration list for PBXProject "Githubb" */ = {
			isa = XCConfigurationList;
			buildConfigurations = (
				2BABA0BA25F5C99E002DCEB3 /* Debug */,
				2BABA0BB25F5C99E002DCEB3 /* Release */,
			);
			defaultConfigurationIsVisible = 0;
			defaultConfigurationName = Release;
		};
		2BABA0BC25F5C99E002DCEB3 /* Build configuration list for PBXNativeTarget "Githubb" */ = {
			isa = XCConfigurationList;
			buildConfigurations = (
				2BABA0BD25F5C99E002DCEB3 /* Debug */,
				2BABA0BE25F5C99E002DCEB3 /* Release */,
			);
			defaultConfigurationIsVisible = 0;
			defaultConfigurationName = Release;
		};
		2BABA0BF25F5C99E002DCEB3 /* Build configuration list for PBXNativeTarget "GithubbTests" */ = {
			isa = XCConfigurationList;
			buildConfigurations = (
				2BABA0C025F5C99E002DCEB3 /* Debug */,
				2BABA0C125F5C99E002DCEB3 /* Release */,
			);
			defaultConfigurationIsVisible = 0;
			defaultConfigurationName = Release;
		};
		2BABA0C225F5C99E002DCEB3 /* Build configuration list for PBXNativeTarget "GithubbUITests" */ = {
			isa = XCConfigurationList;
			buildConfigurations = (
				2BABA0C325F5C99E002DCEB3 /* Debug */,
				2BABA0C425F5C99E002DCEB3 /* Release */,
			);
			defaultConfigurationIsVisible = 0;
			defaultConfigurationName = Release;
		};
/* End XCConfigurationList section */
	};
	rootObject = 2BABA08525F5C996002DCEB3 /* Project object */;
}
